
Microsoft Visual Studio Solution File, Format Version 12.00
# Visual Studio Version 16
VisualStudioVersion = 16.0.30517.126
MinimumVisualStudioVersion = 10.0.40219.1
Project("{FAE04EC0-301F-11D3-BF4B-00C04F79EFBC}") = "Console1", "Console1.csproj", "{D6759CCD-0D80-42C8-B04A-AF474DBCD349}"
EndProject
Global
	GlobalSection(SolutionConfigurationPlatforms) = preSolution
		Debug|Any CPU = Debug|Any CPU
		Release|Any CPU = Release|Any CPU
	EndGlobalSection
	GlobalSection(ProjectConfigurationPlatforms) = postSolution
		{D6759CCD-0D80-42C8-B04A-AF474DBCD349}.Debug|Any CPU.ActiveCfg = Debug|Any CPU
		{D6759CCD-0D80-42C8-B04A-AF474DBCD349}.Debug|Any CPU.Build.0 = Debug|Any CPU
		{D6759CCD-0D80-42C8-B04A-AF474DBCD349}.Release|Any CPU.ActiveCfg = Release|Any CPU
		{D6759CCD-0D80-42C8-B04A-AF474DBCD349}.Release|Any CPU.Build.0 = Release|Any CPU
	EndGlobalSection
	GlobalSection(SolutionProperties) = preSolution
		HideSolutionNode = FALSE
	EndGlobalSection
	GlobalSection(ExtensibilityGlobals) = postSolution
		SolutionGuid = {B9A0BA71-3C52-4017-8E04-3EBA731BAD6C}
	EndGlobalSection
EndGlobal
